{
    "name": "lang",
    "version": "1.0.0",
    "lockfileVersion": 1,
    "requires": true,
    "dependencies": {
        "fs": {
            "version": "0.0.1-security",
            "resolved": "https://registry.npmjs.org/fs/-/fs-0.0.1-security.tgz",
            "integrity": "sha1-invTcYa23d84E/I4WLV+yq9eQdQ="
        },
        "timer-node": {
            "version": "5.0.5",
            "resolved": "https://registry.npmjs.org/timer-node/-/timer-node-5.0.5.tgz",
            "integrity": "sha512-a/RE0HITUQ8+BBqvGmSUycpsHHY4RLvdbzlUD53FtvvY8osjSMMeo/c4jfrcjVc+AK9d3SUGiUO5HwWIlKtFwQ=="
        }
    }
}
